{
  "version": 4,
  "terraform_version": "1.0.11",
  "serial": 7,
  "lineage": "08c46bc8-3768-3839-c52c-8627f5de7055",
  "outputs": {},
  "resources": [
    {
      "module": "module.webserver_cluster",
      "mode": "data",
      "type": "aws_availability_zones",
      "name": "all",
      "provider": "provider[\"registry.terraform.io/hashicorp/aws\"]",
      "instances": [
        {
          "schema_version": 0,
          "attributes": {
            "all_availability_zones": true,
            "exclude_names": null,
            "exclude_zone_ids": null,
            "filter": null,
            "group_names": [
              "ap-southeast-2"
            ],
            "id": "ap-southeast-2",
            "names": [
              "ap-southeast-2a",
              "ap-southeast-2b",
              "ap-southeast-2c"
            ],
            "state": "available",
            "zone_ids": [
              "apse2-az1",
              "apse2-az3",
              "apse2-az2"
            ]
          },
          "sensitive_attributes": []
        }
      ]
    },
    {
      "module": "module.webserver_cluster",
      "mode": "data",
      "type": "template_file",
      "name": "user_data",
      "provider": "provider[\"registry.terraform.io/hashicorp/template\"]",
      "instances": [
        {
          "schema_version": 0,
          "attributes": {
            "filename": null,
            "id": "23a09aa27a93e83e417e496ef10387d4e9900615e68d417cf66b83cadc9303bd",
            "rendered": "#!/bin/bash\nyum install httpd -y\n\ncat \u003e/var/www/html/index.html \u003c\u003cEOF\n\u003ch1\u003e Hello World !\u003c/h1\u003e\n\u003cp\u003e Database Address: terraform-20211209144649991500000001.cviz8liz56v0.ap-southeast-2.rds.amazonaws.com\u003c/p\u003e\n\u003cp\u003e Database Port: 3306\u003c/p\u003e\nEOF\n\nnohup httpd -k start \u0026",
            "template": "#!/bin/bash\nyum install httpd -y\n\ncat \u003e/var/www/html/index.html \u003c\u003cEOF\n\u003ch1\u003e Hello World !\u003c/h1\u003e\n\u003cp\u003e Database Address: ${db_address}\u003c/p\u003e\n\u003cp\u003e Database Port: ${db_port}\u003c/p\u003e\nEOF\n\nnohup httpd -k start \u0026",
            "vars": {
              "db_address": "terraform-20211209144649991500000001.cviz8liz56v0.ap-southeast-2.rds.amazonaws.com",
              "db_port": "3306"
            }
          },
          "sensitive_attributes": []
        }
      ]
    },
    {
      "module": "module.webserver_cluster",
      "mode": "data",
      "type": "terraform_remote_state",
      "name": "db",
      "provider": "provider[\"terraform.io/builtin/terraform\"]",
      "instances": [
        {
          "schema_version": 0,
          "attributes": {
            "backend": "s3",
            "config": {
              "value": {
                "bucket": "badri-terraform-remote-state",
                "key": "stage/data-store/mysql/terraform.tfstate",
                "region": "ap-southeast-1"
              },
              "type": [
                "object",
                {
                  "bucket": "string",
                  "key": "string",
                  "region": "string"
                }
              ]
            },
            "defaults": null,
            "outputs": {
              "value": {
                "address": "terraform-20211209144649991500000001.cviz8liz56v0.ap-southeast-2.rds.amazonaws.com",
                "port": 3306
              },
              "type": [
                "object",
                {
                  "address": "string",
                  "port": "number"
                }
              ]
            },
            "workspace": null
          },
          "sensitive_attributes": []
        }
      ]
    },
    {
      "module": "module.webserver_cluster",
      "mode": "managed",
      "type": "aws_autoscaling_group",
      "name": "webServerAsg",
      "provider": "provider[\"registry.terraform.io/hashicorp/aws\"]",
      "instances": [
        {
          "schema_version": 0,
          "attributes": {
            "arn": "arn:aws:autoscaling:ap-southeast-2:671656554922:autoScalingGroup:e24f3b33-dd9e-4350-9092-afa0e14a2d9d:autoScalingGroupName/terraform-20211218115834670500000002",
            "availability_zones": [
              "ap-southeast-2a",
              "ap-southeast-2b",
              "ap-southeast-2c"
            ],
            "capacity_rebalance": false,
            "default_cooldown": 300,
            "desired_capacity": 2,
            "enabled_metrics": null,
            "force_delete": false,
            "force_delete_warm_pool": false,
            "health_check_grace_period": 300,
            "health_check_type": "ELB",
            "id": "terraform-20211218115834670500000002",
            "initial_lifecycle_hook": [],
            "instance_refresh": [],
            "launch_configuration": "terraform-20211218115825370700000001",
            "launch_template": [],
            "load_balancers": [
              "webserver-asg-elb"
            ],
            "max_instance_lifetime": 0,
            "max_size": 5,
            "metrics_granularity": "1Minute",
            "min_elb_capacity": null,
            "min_size": 2,
            "mixed_instances_policy": [],
            "name": "terraform-20211218115834670500000002",
            "name_prefix": "terraform-",
            "placement_group": "",
            "protect_from_scale_in": false,
            "service_linked_role_arn": "arn:aws:iam::671656554922:role/aws-service-role/autoscaling.amazonaws.com/AWSServiceRoleForAutoScaling",
            "suspended_processes": null,
            "tag": [
              {
                "key": "name",
                "propagate_at_launch": true,
                "value": "webServerAsg"
              }
            ],
            "tags": null,
            "target_group_arns": null,
            "termination_policies": null,
            "timeouts": null,
            "vpc_zone_identifier": [],
            "wait_for_capacity_timeout": "10m",
            "wait_for_elb_capacity": null,
            "warm_pool": []
          },
          "sensitive_attributes": [],
          "private": "eyJlMmJmYjczMC1lY2FhLTExZTYtOGY4OC0zNDM2M2JjN2M0YzAiOnsiZGVsZXRlIjo2MDAwMDAwMDAwMDB9fQ==",
          "dependencies": [
            "module.webserver_cluster.aws_elb.webServerElb",
            "module.webserver_cluster.aws_key_pair.badris-mbp",
            "module.webserver_cluster.aws_launch_configuration.webServerLaunchConfig",
            "module.webserver_cluster.aws_security_group.instance",
            "module.webserver_cluster.aws_security_group.webServerElb",
            "module.webserver_cluster.data.aws_availability_zones.all",
            "module.webserver_cluster.data.template_file.user_data"
          ]
        }
      ]
    },
    {
      "module": "module.webserver_cluster",
      "mode": "managed",
      "type": "aws_elb",
      "name": "webServerElb",
      "provider": "provider[\"registry.terraform.io/hashicorp/aws\"]",
      "instances": [
        {
          "schema_version": 0,
          "attributes": {
            "access_logs": [],
            "arn": "arn:aws:elasticloadbalancing:ap-southeast-2:671656554922:loadbalancer/webserver-asg-elb",
            "availability_zones": [
              "ap-southeast-2a",
              "ap-southeast-2b",
              "ap-southeast-2c"
            ],
            "connection_draining": false,
            "connection_draining_timeout": 300,
            "cross_zone_load_balancing": true,
            "desync_mitigation_mode": "defensive",
            "dns_name": "webserver-asg-elb-234458921.ap-southeast-2.elb.amazonaws.com",
            "health_check": [
              {
                "healthy_threshold": 2,
                "interval": 5,
                "target": "HTTP:80/",
                "timeout": 3,
                "unhealthy_threshold": 5
              }
            ],
            "id": "webserver-asg-elb",
            "idle_timeout": 60,
            "instances": [],
            "internal": false,
            "listener": [
              {
                "instance_port": 80,
                "instance_protocol": "http",
                "lb_port": 80,
                "lb_protocol": "http",
                "ssl_certificate_id": ""
              }
            ],
            "name": "webserver-asg-elb",
            "name_prefix": null,
            "security_groups": [
              "sg-02dd81fe3cc526445"
            ],
            "source_security_group": "671656554922/webserver-elb-security-group",
            "source_security_group_id": "sg-02dd81fe3cc526445",
            "subnets": [
              "subnet-1ce0727b",
              "subnet-67119d2e",
              "subnet-f0b255a8"
            ],
            "tags": null,
            "tags_all": {},
            "zone_id": "Z1GM3OXH4ZPM65"
          },
          "sensitive_attributes": [],
          "private": "bnVsbA==",
          "dependencies": [
            "module.webserver_cluster.aws_security_group.webServerElb",
            "module.webserver_cluster.data.aws_availability_zones.all"
          ]
        }
      ]
    },
    {
      "module": "module.webserver_cluster",
      "mode": "managed",
      "type": "aws_key_pair",
      "name": "badris-mbp",
      "provider": "provider[\"registry.terraform.io/hashicorp/aws\"]",
      "instances": [
        {
          "schema_version": 1,
          "attributes": {
            "arn": "arn:aws:ec2:ap-southeast-2:671656554922:key-pair/badri-macbook-pro",
            "fingerprint": "4f:5a:14:01:aa:93:a9:a8:7e:d5:32:b9:09:09:10:58",
            "id": "badri-macbook-pro",
            "key_name": "badri-macbook-pro",
            "key_name_prefix": "",
            "key_pair_id": "key-0ef6b4dc8145c7a98",
            "public_key": "ssh-rsa AAAAB3NzaC1yc2EAAAADAQABAAABgQDCSV3A8B/fh19rwJDgIkcsjXUNB565fYuKs1cLkuZTV86rKn5WQrw7nKzQh7HWJMsi8Qpt65KHNIEuKnk9HKyoanO9c1I/5Kkhhmw+nuBau4CoxoXulbCobhCdeBTz2eLs/la1CaODtodN5fVuW9QOwvOTxalqGC1ucdeI8xSVvfL9Z3uGdBcMt3EZe3HzijreCdcdCkzxA2gYuUr7mjIhCopueUNyWxRx9FbHpw3J+cdJYRgG+KLaWQ3NEt9R1ggNbnwkzkTuCEdELC7yQ/Cp0fgULaL0yVu0xli7wS8/W7deFwCc6pp0yGuu+CTNY4nN5l585uDm+bLj5CXfLjj8/gmttwKIqyatHvqolB0WH9y6TQymfq88URBt+N7XskAD09MieTDa/K7E3vPWyLE5eiI6BJQrd0t/ZYKUw9Fsm4c8zQCJ+lHSOk80vdsziJKLtWNsVNyyXV6NVmMDIkJZwk40Jxl7TIUzz/LXN/GBosVLAjhmigheqJqPBgwv5c8= badri@Badris-MBP",
            "tags": null,
            "tags_all": {}
          },
          "sensitive_attributes": [],
          "private": "eyJzY2hlbWFfdmVyc2lvbiI6IjEifQ==",
          "create_before_destroy": true
        }
      ]
    },
    {
      "module": "module.webserver_cluster",
      "mode": "managed",
      "type": "aws_launch_configuration",
      "name": "webServerLaunchConfig",
      "provider": "provider[\"registry.terraform.io/hashicorp/aws\"]",
      "instances": [
        {
          "schema_version": 0,
          "attributes": {
            "arn": "arn:aws:autoscaling:ap-southeast-2:671656554922:launchConfiguration:c8a1b5e6-e745-49ee-9973-50f0474de063:launchConfigurationName/terraform-20211218115825370700000001",
            "associate_public_ip_address": false,
            "ebs_block_device": [],
            "ebs_optimized": false,
            "enable_monitoring": true,
            "ephemeral_block_device": [],
            "iam_instance_profile": "",
            "id": "terraform-20211218115825370700000001",
            "image_id": "ami-0bd2230cfb28832f7",
            "instance_type": "t2.micro",
            "key_name": "badri-macbook-pro",
            "metadata_options": [],
            "name": "terraform-20211218115825370700000001",
            "name_prefix": "terraform-",
            "placement_tenancy": null,
            "root_block_device": [],
            "security_groups": [
              "sg-0e50d7af6b4a152a5"
            ],
            "spot_price": "",
            "user_data": "9140716472977225125d8396fb7ba43b81a50d09",
            "user_data_base64": null,
            "vpc_classic_link_id": "",
            "vpc_classic_link_security_groups": null
          },
          "sensitive_attributes": [],
          "private": "bnVsbA==",
          "dependencies": [
            "module.webserver_cluster.aws_key_pair.badris-mbp",
            "module.webserver_cluster.aws_security_group.instance",
            "module.webserver_cluster.data.template_file.user_data"
          ],
          "create_before_destroy": true
        }
      ]
    },
    {
      "module": "module.webserver_cluster",
      "mode": "managed",
      "type": "aws_security_group",
      "name": "instance",
      "provider": "provider[\"registry.terraform.io/hashicorp/aws\"]",
      "instances": [
        {
          "schema_version": 1,
          "attributes": {
            "arn": "arn:aws:ec2:ap-southeast-2:671656554922:security-group/sg-0e50d7af6b4a152a5",
            "description": "Managed by Terraform",
            "egress": [
              {
                "cidr_blocks": [
                  "0.0.0.0/0"
                ],
                "description": "",
                "from_port": 0,
                "ipv6_cidr_blocks": [],
                "prefix_list_ids": [],
                "protocol": "tcp",
                "security_groups": [],
                "self": false,
                "to_port": 65535
              }
            ],
            "id": "sg-0e50d7af6b4a152a5",
            "ingress": [
              {
                "cidr_blocks": [
                  "0.0.0.0/0"
                ],
                "description": "",
                "from_port": 22,
                "ipv6_cidr_blocks": [],
                "prefix_list_ids": [],
                "protocol": "tcp",
                "security_groups": [],
                "self": false,
                "to_port": 22
              },
              {
                "cidr_blocks": [
                  "0.0.0.0/0"
                ],
                "description": "",
                "from_port": 80,
                "ipv6_cidr_blocks": [],
                "prefix_list_ids": [],
                "protocol": "tcp",
                "security_groups": [],
                "self": false,
                "to_port": 80
              }
            ],
            "name": "terraform-test-instance-security-group",
            "name_prefix": "",
            "owner_id": "671656554922",
            "revoke_rules_on_delete": false,
            "tags": null,
            "tags_all": {},
            "timeouts": null,
            "vpc_id": "vpc-c50ec5a2"
          },
          "sensitive_attributes": [],
          "private": "eyJlMmJmYjczMC1lY2FhLTExZTYtOGY4OC0zNDM2M2JjN2M0YzAiOnsiY3JlYXRlIjo2MDAwMDAwMDAwMDAsImRlbGV0ZSI6OTAwMDAwMDAwMDAwfSwic2NoZW1hX3ZlcnNpb24iOiIxIn0=",
          "create_before_destroy": true
        }
      ]
    },
    {
      "module": "module.webserver_cluster",
      "mode": "managed",
      "type": "aws_security_group",
      "name": "webServerElb",
      "provider": "provider[\"registry.terraform.io/hashicorp/aws\"]",
      "instances": [
        {
          "schema_version": 1,
          "attributes": {
            "arn": "arn:aws:ec2:ap-southeast-2:671656554922:security-group/sg-02dd81fe3cc526445",
            "description": "Managed by Terraform",
            "egress": [
              {
                "cidr_blocks": [
                  "0.0.0.0/0"
                ],
                "description": "",
                "from_port": 0,
                "ipv6_cidr_blocks": [],
                "prefix_list_ids": [],
                "protocol": "tcp",
                "security_groups": [],
                "self": false,
                "to_port": 65535
              }
            ],
            "id": "sg-02dd81fe3cc526445",
            "ingress": [
              {
                "cidr_blocks": [
                  "0.0.0.0/0"
                ],
                "description": "",
                "from_port": 80,
                "ipv6_cidr_blocks": [],
                "prefix_list_ids": [],
                "protocol": "tcp",
                "security_groups": [],
                "self": false,
                "to_port": 80
              }
            ],
            "name": "webserver-elb-security-group",
            "name_prefix": "",
            "owner_id": "671656554922",
            "revoke_rules_on_delete": false,
            "tags": null,
            "tags_all": {},
            "timeouts": null,
            "vpc_id": "vpc-c50ec5a2"
          },
          "sensitive_attributes": [],
          "private": "eyJlMmJmYjczMC1lY2FhLTExZTYtOGY4OC0zNDM2M2JjN2M0YzAiOnsiY3JlYXRlIjo2MDAwMDAwMDAwMDAsImRlbGV0ZSI6OTAwMDAwMDAwMDAwfSwic2NoZW1hX3ZlcnNpb24iOiIxIn0=",
          "create_before_destroy": true
        }
      ]
    }
  ]
}
