{
  "version": 4,
  "terraform_version": "1.0.11",
  "serial": 33,
  "lineage": "81675168-7fb5-84c3-b06b-3a5079d89d25",
  "outputs": {
    "elb_dns_name": {
      "value": "webserver-asg-elb-800282773.ap-southeast-2.elb.amazonaws.com",
      "type": "string"
    }
  },
  "resources": [
    {
      "mode": "data",
      "type": "aws_availability_zones",
      "name": "all",
      "provider": "provider[\"registry.terraform.io/hashicorp/aws\"]",
      "instances": [
        {
          "schema_version": 0,
          "attributes": {
            "all_availability_zones": true,
            "exclude_names": null,
            "exclude_zone_ids": null,
            "filter": null,
            "group_names": [
              "ap-southeast-2"
            ],
            "id": "ap-southeast-2",
            "names": [
              "ap-southeast-2a",
              "ap-southeast-2b",
              "ap-southeast-2c"
            ],
            "state": "available",
            "zone_ids": [
              "apse2-az1",
              "apse2-az3",
              "apse2-az2"
            ]
          },
          "sensitive_attributes": []
        }
      ]
    },
    {
      "mode": "managed",
      "type": "aws_autoscaling_group",
      "name": "webServerAsg",
      "provider": "provider[\"registry.terraform.io/hashicorp/aws\"]",
      "instances": [
        {
          "schema_version": 0,
          "attributes": {
            "arn": "arn:aws:autoscaling:ap-southeast-2:671656554922:autoScalingGroup:53cec5ce-1e7a-430d-a24e-27a3a9918f75:autoScalingGroupName/terraform-20211207005506574400000002",
            "availability_zones": [
              "ap-southeast-2a",
              "ap-southeast-2b",
              "ap-southeast-2c"
            ],
            "capacity_rebalance": false,
            "default_cooldown": 300,
            "desired_capacity": 2,
            "enabled_metrics": null,
            "force_delete": false,
            "force_delete_warm_pool": false,
            "health_check_grace_period": 300,
            "health_check_type": "ELB",
            "id": "terraform-20211207005506574400000002",
            "initial_lifecycle_hook": [],
            "instance_refresh": [],
            "launch_configuration": "terraform-20211207005453015400000001",
            "launch_template": [],
            "load_balancers": [
              "webserver-asg-elb"
            ],
            "max_instance_lifetime": 0,
            "max_size": 5,
            "metrics_granularity": "1Minute",
            "min_elb_capacity": null,
            "min_size": 2,
            "mixed_instances_policy": [],
            "name": "terraform-20211207005506574400000002",
            "name_prefix": "terraform-",
            "placement_group": "",
            "protect_from_scale_in": false,
            "service_linked_role_arn": "arn:aws:iam::671656554922:role/aws-service-role/autoscaling.amazonaws.com/AWSServiceRoleForAutoScaling",
            "suspended_processes": null,
            "tag": [
              {
                "key": "name",
                "propagate_at_launch": true,
                "value": "webServerAsg"
              }
            ],
            "tags": null,
            "target_group_arns": null,
            "termination_policies": null,
            "timeouts": null,
            "vpc_zone_identifier": [],
            "wait_for_capacity_timeout": "10m",
            "wait_for_elb_capacity": null,
            "warm_pool": []
          },
          "sensitive_attributes": [],
          "private": "eyJlMmJmYjczMC1lY2FhLTExZTYtOGY4OC0zNDM2M2JjN2M0YzAiOnsiZGVsZXRlIjo2MDAwMDAwMDAwMDB9fQ==",
          "dependencies": [
            "aws_elb.webServerElb",
            "aws_key_pair.badris-mbp",
            "aws_launch_configuration.webServerLaunchConfig",
            "aws_security_group.instance",
            "aws_security_group.webServerElb",
            "data.aws_availability_zones.all"
          ]
        }
      ]
    },
    {
      "mode": "managed",
      "type": "aws_elb",
      "name": "webServerElb",
      "provider": "provider[\"registry.terraform.io/hashicorp/aws\"]",
      "instances": [
        {
          "schema_version": 0,
          "attributes": {
            "access_logs": [],
            "arn": "arn:aws:elasticloadbalancing:ap-southeast-2:671656554922:loadbalancer/webserver-asg-elb",
            "availability_zones": [
              "ap-southeast-2a",
              "ap-southeast-2b",
              "ap-southeast-2c"
            ],
            "connection_draining": false,
            "connection_draining_timeout": 300,
            "cross_zone_load_balancing": true,
            "desync_mitigation_mode": "defensive",
            "dns_name": "webserver-asg-elb-800282773.ap-southeast-2.elb.amazonaws.com",
            "health_check": [
              {
                "healthy_threshold": 2,
                "interval": 5,
                "target": "HTTP:80/",
                "timeout": 3,
                "unhealthy_threshold": 5
              }
            ],
            "id": "webserver-asg-elb",
            "idle_timeout": 60,
            "instances": [],
            "internal": false,
            "listener": [
              {
                "instance_port": 80,
                "instance_protocol": "http",
                "lb_port": 80,
                "lb_protocol": "http",
                "ssl_certificate_id": ""
              }
            ],
            "name": "webserver-asg-elb",
            "name_prefix": null,
            "security_groups": [
              "sg-055d1b7d7551c0820"
            ],
            "source_security_group": "671656554922/webserver-elb-security-group",
            "source_security_group_id": "sg-055d1b7d7551c0820",
            "subnets": [
              "subnet-1ce0727b",
              "subnet-67119d2e",
              "subnet-f0b255a8"
            ],
            "tags": null,
            "tags_all": {},
            "zone_id": "Z1GM3OXH4ZPM65"
          },
          "sensitive_attributes": [],
          "private": "bnVsbA==",
          "dependencies": [
            "aws_security_group.webServerElb",
            "data.aws_availability_zones.all"
          ]
        }
      ]
    },
    {
      "mode": "managed",
      "type": "aws_key_pair",
      "name": "badris-mbp",
      "provider": "provider[\"registry.terraform.io/hashicorp/aws\"]",
      "instances": [
        {
          "schema_version": 1,
          "attributes": {
            "arn": "arn:aws:ec2:ap-southeast-2:671656554922:key-pair/badri-macbook-pro",
            "fingerprint": "4f:5a:14:01:aa:93:a9:a8:7e:d5:32:b9:09:09:10:58",
            "id": "badri-macbook-pro",
            "key_name": "badri-macbook-pro",
            "key_name_prefix": "",
            "key_pair_id": "key-00be8d29ec1eb3259",
            "public_key": "ssh-rsa AAAAB3NzaC1yc2EAAAADAQABAAABgQDCSV3A8B/fh19rwJDgIkcsjXUNB565fYuKs1cLkuZTV86rKn5WQrw7nKzQh7HWJMsi8Qpt65KHNIEuKnk9HKyoanO9c1I/5Kkhhmw+nuBau4CoxoXulbCobhCdeBTz2eLs/la1CaODtodN5fVuW9QOwvOTxalqGC1ucdeI8xSVvfL9Z3uGdBcMt3EZe3HzijreCdcdCkzxA2gYuUr7mjIhCopueUNyWxRx9FbHpw3J+cdJYRgG+KLaWQ3NEt9R1ggNbnwkzkTuCEdELC7yQ/Cp0fgULaL0yVu0xli7wS8/W7deFwCc6pp0yGuu+CTNY4nN5l585uDm+bLj5CXfLjj8/gmttwKIqyatHvqolB0WH9y6TQymfq88URBt+N7XskAD09MieTDa/K7E3vPWyLE5eiI6BJQrd0t/ZYKUw9Fsm4c8zQCJ+lHSOk80vdsziJKLtWNsVNyyXV6NVmMDIkJZwk40Jxl7TIUzz/LXN/GBosVLAjhmigheqJqPBgwv5c8= badri@Badris-MBP",
            "tags": {},
            "tags_all": {}
          },
          "sensitive_attributes": [],
          "private": "eyJzY2hlbWFfdmVyc2lvbiI6IjEifQ==",
          "create_before_destroy": true
        }
      ]
    },
    {
      "mode": "managed",
      "type": "aws_launch_configuration",
      "name": "webServerLaunchConfig",
      "provider": "provider[\"registry.terraform.io/hashicorp/aws\"]",
      "instances": [
        {
          "schema_version": 0,
          "attributes": {
            "arn": "arn:aws:autoscaling:ap-southeast-2:671656554922:launchConfiguration:7d20992e-063b-428e-be2b-ab97de759593:launchConfigurationName/terraform-20211207005453015400000001",
            "associate_public_ip_address": false,
            "ebs_block_device": [],
            "ebs_optimized": false,
            "enable_monitoring": true,
            "ephemeral_block_device": [],
            "iam_instance_profile": "",
            "id": "terraform-20211207005453015400000001",
            "image_id": "ami-0bd2230cfb28832f7",
            "instance_type": "t2.micro",
            "key_name": "badri-macbook-pro",
            "metadata_options": [],
            "name": "terraform-20211207005453015400000001",
            "name_prefix": "terraform-",
            "placement_tenancy": null,
            "root_block_device": [],
            "security_groups": [
              "sg-01c444c1480d5e4ce"
            ],
            "spot_price": "",
            "user_data": "cbc75b8887aec2d59aff0d42e42ffe55f5c59d9e",
            "user_data_base64": null,
            "vpc_classic_link_id": "",
            "vpc_classic_link_security_groups": null
          },
          "sensitive_attributes": [],
          "private": "bnVsbA==",
          "dependencies": [
            "aws_key_pair.badris-mbp",
            "aws_security_group.instance"
          ],
          "create_before_destroy": true
        }
      ]
    },
    {
      "mode": "managed",
      "type": "aws_security_group",
      "name": "instance",
      "provider": "provider[\"registry.terraform.io/hashicorp/aws\"]",
      "instances": [
        {
          "schema_version": 1,
          "attributes": {
            "arn": "arn:aws:ec2:ap-southeast-2:671656554922:security-group/sg-01c444c1480d5e4ce",
            "description": "Managed by Terraform",
            "egress": [
              {
                "cidr_blocks": [
                  "0.0.0.0/0"
                ],
                "description": "",
                "from_port": 0,
                "ipv6_cidr_blocks": [],
                "prefix_list_ids": [],
                "protocol": "tcp",
                "security_groups": [],
                "self": false,
                "to_port": 65535
              }
            ],
            "id": "sg-01c444c1480d5e4ce",
            "ingress": [
              {
                "cidr_blocks": [
                  "0.0.0.0/0"
                ],
                "description": "",
                "from_port": 22,
                "ipv6_cidr_blocks": [],
                "prefix_list_ids": [],
                "protocol": "tcp",
                "security_groups": [],
                "self": false,
                "to_port": 22
              },
              {
                "cidr_blocks": [
                  "0.0.0.0/0"
                ],
                "description": "",
                "from_port": 80,
                "ipv6_cidr_blocks": [],
                "prefix_list_ids": [],
                "protocol": "tcp",
                "security_groups": [],
                "self": false,
                "to_port": 80
              }
            ],
            "name": "terraform-test-instance-security-group",
            "name_prefix": "",
            "owner_id": "671656554922",
            "revoke_rules_on_delete": false,
            "tags": {},
            "tags_all": {},
            "timeouts": null,
            "vpc_id": "vpc-c50ec5a2"
          },
          "sensitive_attributes": [],
          "private": "eyJlMmJmYjczMC1lY2FhLTExZTYtOGY4OC0zNDM2M2JjN2M0YzAiOnsiY3JlYXRlIjo2MDAwMDAwMDAwMDAsImRlbGV0ZSI6OTAwMDAwMDAwMDAwfSwic2NoZW1hX3ZlcnNpb24iOiIxIn0=",
          "create_before_destroy": true
        }
      ]
    },
    {
      "mode": "managed",
      "type": "aws_security_group",
      "name": "webServerElb",
      "provider": "provider[\"registry.terraform.io/hashicorp/aws\"]",
      "instances": [
        {
          "schema_version": 1,
          "attributes": {
            "arn": "arn:aws:ec2:ap-southeast-2:671656554922:security-group/sg-055d1b7d7551c0820",
            "description": "Managed by Terraform",
            "egress": [
              {
                "cidr_blocks": [
                  "0.0.0.0/0"
                ],
                "description": "",
                "from_port": 0,
                "ipv6_cidr_blocks": [],
                "prefix_list_ids": [],
                "protocol": "tcp",
                "security_groups": [],
                "self": false,
                "to_port": 65535
              }
            ],
            "id": "sg-055d1b7d7551c0820",
            "ingress": [
              {
                "cidr_blocks": [
                  "0.0.0.0/0"
                ],
                "description": "",
                "from_port": 80,
                "ipv6_cidr_blocks": [],
                "prefix_list_ids": [],
                "protocol": "tcp",
                "security_groups": [],
                "self": false,
                "to_port": 80
              }
            ],
            "name": "webserver-elb-security-group",
            "name_prefix": "",
            "owner_id": "671656554922",
            "revoke_rules_on_delete": false,
            "tags": null,
            "tags_all": {},
            "timeouts": null,
            "vpc_id": "vpc-c50ec5a2"
          },
          "sensitive_attributes": [],
          "private": "eyJlMmJmYjczMC1lY2FhLTExZTYtOGY4OC0zNDM2M2JjN2M0YzAiOnsiY3JlYXRlIjo2MDAwMDAwMDAwMDAsImRlbGV0ZSI6OTAwMDAwMDAwMDAwfSwic2NoZW1hX3ZlcnNpb24iOiIxIn0=",
          "create_before_destroy": true
        }
      ]
    }
  ]
}
