{
  "version": 4,
  "terraform_version": "1.0.11",
  "serial": 10,
  "lineage": "08094a94-1c49-98b4-f346-cdad320e2043",
  "outputs": {
    "iam_list_arn": {
      "value": [
        [
          "arn:aws:iam::671656554922:user/pappu",
          "arn:aws:iam::671656554922:user/neya",
          "arn:aws:iam::671656554922:user/poppy"
        ]
      ],
      "type": [
        "tuple",
        [
          [
            "tuple",
            [
              "string",
              "string",
              "string"
            ]
          ]
        ]
      ]
    },
    "iam_neya_arn": {
      "value": "arn:aws:iam::671656554922:user/neya",
      "type": "string"
    },
    "iam_pappu_arn": {
      "value": "arn:aws:iam::671656554922:user/pappu",
      "type": "string"
    }
  },
  "resources": [
    {
      "mode": "managed",
      "type": "aws_iam_user",
      "name": "iam_user",
      "provider": "provider[\"registry.terraform.io/hashicorp/aws\"]",
      "instances": [
        {
          "index_key": 0,
          "schema_version": 0,
          "attributes": {
            "arn": "arn:aws:iam::671656554922:user/pappu",
            "force_destroy": false,
            "id": "pappu",
            "name": "pappu",
            "path": "/",
            "permissions_boundary": null,
            "tags": {},
            "tags_all": {},
            "unique_id": "AIDAZYYOZWGVCJ67I2LN5"
          },
          "sensitive_attributes": [],
          "private": "bnVsbA=="
        },
        {
          "index_key": 1,
          "schema_version": 0,
          "attributes": {
            "arn": "arn:aws:iam::671656554922:user/neya",
            "force_destroy": false,
            "id": "neya",
            "name": "neya",
            "path": "/",
            "permissions_boundary": null,
            "tags": {},
            "tags_all": {},
            "unique_id": "AIDAZYYOZWGVMRPFTZHZK"
          },
          "sensitive_attributes": [],
          "private": "bnVsbA=="
        },
        {
          "index_key": 2,
          "schema_version": 0,
          "attributes": {
            "arn": "arn:aws:iam::671656554922:user/poppy",
            "force_destroy": false,
            "id": "poppy",
            "name": "poppy",
            "path": "/",
            "permissions_boundary": null,
            "tags": {},
            "tags_all": {},
            "unique_id": "AIDAZYYOZWGVGZRIJZE7O"
          },
          "sensitive_attributes": [],
          "private": "bnVsbA=="
        }
      ]
    }
  ]
}
