{
  "version": 4,
  "terraform_version": "1.0.11",
  "serial": 57,
  "lineage": "08094a94-1c49-98b4-f346-cdad320e2043",
  "outputs": {
    "all_iam_users": {
      "value": [
        "arn:aws:iam::671656554922:user/pappu",
        "arn:aws:iam::671656554922:user/poppy"
      ],
      "type": [
        "tuple",
        [
          "string",
          "string"
        ]
      ]
    }
  },
  "resources": [
    {
      "mode": "data",
      "type": "aws_iam_policy_document",
      "name": "ec2_readonly",
      "provider": "provider[\"registry.terraform.io/hashicorp/aws\"]",
      "instances": [
        {
          "schema_version": 0,
          "attributes": {
            "id": "2797677809",
            "json": "{\n  \"Version\": \"2012-10-17\",\n  \"Statement\": [\n    {\n      \"Sid\": \"Ec2ReadOnly\",\n      \"Effect\": \"Allow\",\n      \"Action\": \"ec2:Describe*\",\n      \"Resource\": \"*\"\n    }\n  ]\n}",
            "override_json": null,
            "override_policy_documents": null,
            "policy_id": null,
            "source_json": null,
            "source_policy_documents": null,
            "statement": [
              {
                "actions": [
                  "ec2:Describe*"
                ],
                "condition": [],
                "effect": "Allow",
                "not_actions": [],
                "not_principals": [],
                "not_resources": [],
                "principals": [],
                "resources": [
                  "*"
                ],
                "sid": "Ec2ReadOnly"
              }
            ],
            "version": "2012-10-17"
          },
          "sensitive_attributes": []
        }
      ]
    },
    {
      "mode": "managed",
      "type": "aws_iam_policy",
      "name": "ec2_readonly",
      "provider": "provider[\"registry.terraform.io/hashicorp/aws\"]",
      "instances": [
        {
          "schema_version": 0,
          "attributes": {
            "arn": "arn:aws:iam::671656554922:policy/ec2-read-only",
            "description": "",
            "id": "arn:aws:iam::671656554922:policy/ec2-read-only",
            "name": "ec2-read-only",
            "name_prefix": null,
            "path": "/",
            "policy": "{\"Statement\":[{\"Action\":\"ec2:Describe*\",\"Effect\":\"Allow\",\"Resource\":\"*\",\"Sid\":\"Ec2ReadOnly\"}],\"Version\":\"2012-10-17\"}",
            "policy_id": "ANPAZYYOZWGVGEBPZECY2",
            "tags": {},
            "tags_all": {}
          },
          "sensitive_attributes": [],
          "private": "bnVsbA==",
          "dependencies": [
            "data.aws_iam_policy_document.ec2_readonly"
          ]
        }
      ]
    },
    {
      "mode": "managed",
      "type": "aws_iam_user",
      "name": "iam_user",
      "provider": "provider[\"registry.terraform.io/hashicorp/aws\"]",
      "instances": [
        {
          "index_key": "pappu",
          "schema_version": 0,
          "attributes": {
            "arn": "arn:aws:iam::671656554922:user/pappu",
            "force_destroy": false,
            "id": "pappu",
            "name": "pappu",
            "path": "/",
            "permissions_boundary": null,
            "tags": {},
            "tags_all": {},
            "unique_id": "AIDAZYYOZWGVOTKSWVZEQ"
          },
          "sensitive_attributes": [],
          "private": "bnVsbA=="
        },
        {
          "index_key": "poppy",
          "schema_version": 0,
          "attributes": {
            "arn": "arn:aws:iam::671656554922:user/poppy",
            "force_destroy": false,
            "id": "poppy",
            "name": "poppy",
            "path": "/",
            "permissions_boundary": null,
            "tags": {},
            "tags_all": {},
            "unique_id": "AIDAZYYOZWGVK5SV2UVHT"
          },
          "sensitive_attributes": [],
          "private": "bnVsbA=="
        }
      ]
    },
    {
      "mode": "managed",
      "type": "aws_iam_user_policy_attachment",
      "name": "iam_user_ec2_readonly",
      "provider": "provider[\"registry.terraform.io/hashicorp/aws\"]",
      "instances": [
        {
          "index_key": 0,
          "schema_version": 0,
          "attributes": {
            "id": "pappu-20220115075427816200000003",
            "policy_arn": "arn:aws:iam::671656554922:policy/ec2-read-only",
            "user": "pappu"
          },
          "sensitive_attributes": [],
          "private": "bnVsbA==",
          "dependencies": [
            "aws_iam_policy.ec2_readonly",
            "data.aws_iam_policy_document.ec2_readonly"
          ]
        },
        {
          "index_key": 1,
          "schema_version": 0,
          "attributes": {
            "id": "poppy-20220115080542857300000001",
            "policy_arn": "arn:aws:iam::671656554922:policy/ec2-read-only",
            "user": "poppy"
          },
          "sensitive_attributes": [],
          "private": "bnVsbA==",
          "dependencies": [
            "aws_iam_policy.ec2_readonly"
          ]
        }
      ]
    }
  ]
}
